
Microsoft Visual Studio Solution File, Format Version 12.00
# Visual Studio Version 17
VisualStudioVersion = 17.4.33205.214
MinimumVisualStudioVersion = 10.0.40219.1
Project("{FAE04EC0-301F-11D3-BF4B-00C04F79EFBC}") = "TimeBasedUITest", "TimeBasedUITest\TimeBasedUITest.csproj", "{AD2ADA77-2F4D-4EEA-B075-DF8D07683484}"
EndProject
Global
	GlobalSection(SolutionConfigurationPlatforms) = preSolution
		Debug|Any CPU = Debug|Any CPU
		Release|Any CPU = Release|Any CPU
	EndGlobalSection
	GlobalSection(ProjectConfigurationPlatforms) = postSolution
		{AD2ADA77-2F4D-4EEA-B075-DF8D07683484}.Debug|Any CPU.ActiveCfg = Debug|Any CPU
		{AD2ADA77-2F4D-4EEA-B075-DF8D07683484}.Debug|Any CPU.Build.0 = Debug|Any CPU
		{AD2ADA77-2F4D-4EEA-B075-DF8D07683484}.Release|Any CPU.ActiveCfg = Release|Any CPU
		{AD2ADA77-2F4D-4EEA-B075-DF8D07683484}.Release|Any CPU.Build.0 = Release|Any CPU
	EndGlobalSection
	GlobalSection(SolutionProperties) = preSolution
		HideSolutionNode = FALSE
	EndGlobalSection
	GlobalSection(ExtensibilityGlobals) = postSolution
		SolutionGuid = {CE76A604-4C2C-4514-900B-CDA2D2085F4A}
	EndGlobalSection
EndGlobal
